
Microsoft Visual Studio Solution File, Format Version 12.00
# Visual Studio Version 16
VisualStudioVersion = 16.0.30711.63
MinimumVisualStudioVersion = 10.0.40219.1
Project("{FAE04EC0-301F-11D3-BF4B-00C04F79EFBC}") = "dependency-injection-examples", "dependency-injection-examples\dependency-injection-examples.csproj", "{30F62260-E6BF-467D-A6B1-82E92859648B}"
EndProject
Global
	GlobalSection(SolutionConfigurationPlatforms) = preSolution
		Debug|Any CPU = Debug|Any CPU
		Release|Any CPU = Release|Any CPU
	EndGlobalSection
	GlobalSection(ProjectConfigurationPlatforms) = postSolution
		{30F62260-E6BF-467D-A6B1-82E92859648B}.Debug|Any CPU.ActiveCfg = Debug|Any CPU
		{30F62260-E6BF-467D-A6B1-82E92859648B}.Debug|Any CPU.Build.0 = Debug|Any CPU
		{30F62260-E6BF-467D-A6B1-82E92859648B}.Release|Any CPU.ActiveCfg = Release|Any CPU
		{30F62260-E6BF-467D-A6B1-82E92859648B}.Release|Any CPU.Build.0 = Release|Any CPU
	EndGlobalSection
	GlobalSection(SolutionProperties) = preSolution
		HideSolutionNode = FALSE
	EndGlobalSection
	GlobalSection(ExtensibilityGlobals) = postSolution
		SolutionGuid = {8B31F71D-57B2-4B25-B792-42FB04896573}
	EndGlobalSection
EndGlobal
